// !$*UTF8*$!
{
	archiveVersion = 1;
	classes = {
	};
	objectVersion = 55;
	objects = {

/* Begin PBXBuildFile section */
		CE76810728A2137200D51166 /* main.swift in Sources */ = {isa = PBXBuildFile; fileRef = CE76810628A2137200D51166 /* main.swift */; };
		CE76810F28A213F100D51166 /* Button.swift in Sources */ = {isa = PBXBuildFile; fileRef = CE76810E28A213F100D51166 /* Button.swift */; };
		CE76811128A215F900D51166 /* CheckBox.swift in Sources */ = {isa = PBXBuildFile; fileRef = CE76811028A215F900D51166 /* CheckBox.swift */; };
		CE76811328A2170D00D51166 /* TextEdit.swift in Sources */ = {isa = PBXBuildFile; fileRef = CE76811228A2170D00D51166 /* TextEdit.swift */; };
		CEA99B9728A21A1E00D1BB31 /* ComponentFactory.swift in Sources */ = {isa = PBXBuildFile; fileRef = CEA99B9628A21A1E00D1BB31 /* ComponentFactory.swift */; };
		CEA99B9B28A21AEB00D1BB31 /* WindowsButton.swift in Sources */ = {isa = PBXBuildFile; fileRef = CEA99B9A28A21AEB00D1BB31 /* WindowsButton.swift */; };
		CEA99B9D28A21BDB00D1BB31 /* LinuxButton.swift in Sources */ = {isa = PBXBuildFile; fileRef = CEA99B9C28A21BDB00D1BB31 /* LinuxButton.swift */; };
		CEA99B9F28A21C1100D1BB31 /* WindowsCheckBox.swift in Sources */ = {isa = PBXBuildFile; fileRef = CEA99B9E28A21C1100D1BB31 /* WindowsCheckBox.swift */; };
		CEA99BA128A21C1900D1BB31 /* LinuxCheckBox.swift in Sources */ = {isa = PBXBuildFile; fileRef = CEA99BA028A21C1900D1BB31 /* LinuxCheckBox.swift */; };
/* End PBXBuildFile section */

/* Begin PBXCopyFilesBuildPhase section */
		CE76810128A2137200D51166 /* CopyFiles */ = {
			isa = PBXCopyFilesBuildPhase;
			buildActionMask = 2147483647;
			dstPath = /usr/share/man/man1/;
			dstSubfolderSpec = 0;
			files = (
			);
			runOnlyForDeploymentPostprocessing = 1;
		};
/* End PBXCopyFilesBuildPhase section */

/* Begin PBXFileReference section */
		CE76810328A2137200D51166 /* AbstractFactory */ = {isa = PBXFileReference; explicitFileType = "compiled.mach-o.executable"; includeInIndex = 0; path = AbstractFactory; sourceTree = BUILT_PRODUCTS_DIR; };
		CE76810628A2137200D51166 /* main.swift */ = {isa = PBXFileReference; lastKnownFileType = sourcecode.swift; path = main.swift; sourceTree = "<group>"; };
		CE76810E28A213F100D51166 /* Button.swift */ = {isa = PBXFileReference; lastKnownFileType = sourcecode.swift; path = Button.swift; sourceTree = "<group>"; };
		CE76811028A215F900D51166 /* CheckBox.swift */ = {isa = PBXFileReference; lastKnownFileType = sourcecode.swift; path = CheckBox.swift; sourceTree = "<group>"; };
		CE76811228A2170D00D51166 /* TextEdit.swift */ = {isa = PBXFileReference; lastKnownFileType = sourcecode.swift; path = TextEdit.swift; sourceTree = "<group>"; };
		CEA99B9628A21A1E00D1BB31 /* ComponentFactory.swift */ = {isa = PBXFileReference; lastKnownFileType = sourcecode.swift; path = ComponentFactory.swift; sourceTree = "<group>"; };
		CEA99B9A28A21AEB00D1BB31 /* WindowsButton.swift */ = {isa = PBXFileReference; lastKnownFileType = sourcecode.swift; path = WindowsButton.swift; sourceTree = "<group>"; };
		CEA99B9C28A21BDB00D1BB31 /* LinuxButton.swift */ = {isa = PBXFileReference; lastKnownFileType = sourcecode.swift; path = LinuxButton.swift; sourceTree = "<group>"; };
		CEA99B9E28A21C1100D1BB31 /* WindowsCheckBox.swift */ = {isa = PBXFileReference; lastKnownFileType = sourcecode.swift; path = WindowsCheckBox.swift; sourceTree = "<group>"; };
		CEA99BA028A21C1900D1BB31 /* LinuxCheckBox.swift */ = {isa = PBXFileReference; lastKnownFileType = sourcecode.swift; path = LinuxCheckBox.swift; sourceTree = "<group>"; };
/* End PBXFileReference section */

/* Begin PBXFrameworksBuildPhase section */
		CE76810028A2137200D51166 /* Frameworks */ = {
			isa = PBXFrameworksBuildPhase;
			buildActionMask = 2147483647;
			files = (
			);
			runOnlyForDeploymentPostprocessing = 0;
		};
/* End PBXFrameworksBuildPhase section */

/* Begin PBXGroup section */
		CE7680FA28A2137200D51166 = {
			isa = PBXGroup;
			children = (
				CE76810528A2137200D51166 /* AbstractFactory */,
				CE76810428A2137200D51166 /* Products */,
			);
			sourceTree = "<group>";
		};
		CE76810428A2137200D51166 /* Products */ = {
			isa = PBXGroup;
			children = (
				CE76810328A2137200D51166 /* AbstractFactory */,
			);
			name = Products;
			sourceTree = "<group>";
		};
		CE76810528A2137200D51166 /* AbstractFactory */ = {
			isa = PBXGroup;
			children = (
				CEA99B9928A21AC700D1BB31 /* Implementations */,
				CEA99B9828A21AB700D1BB31 /* Interfaces */,
				CE76810628A2137200D51166 /* main.swift */,
			);
			path = AbstractFactory;
			sourceTree = "<group>";
		};
		CE76810D28A213C800D51166 /* Components */ = {
			isa = PBXGroup;
			children = (
				CE76810E28A213F100D51166 /* Button.swift */,
				CE76811028A215F900D51166 /* CheckBox.swift */,
				CE76811228A2170D00D51166 /* TextEdit.swift */,
			);
			path = Components;
			sourceTree = "<group>";
		};
		CEA99B9528A21A0400D1BB31 /* Factories */ = {
			isa = PBXGroup;
			children = (
				CEA99B9628A21A1E00D1BB31 /* ComponentFactory.swift */,
			);
			path = Factories;
			sourceTree = "<group>";
		};
		CEA99B9828A21AB700D1BB31 /* Interfaces */ = {
			isa = PBXGroup;
			children = (
				CEA99B9528A21A0400D1BB31 /* Factories */,
				CE76810D28A213C800D51166 /* Components */,
			);
			path = Interfaces;
			sourceTree = "<group>";
		};
		CEA99B9928A21AC700D1BB31 /* Implementations */ = {
			isa = PBXGroup;
			children = (
				CEA99B9A28A21AEB00D1BB31 /* WindowsButton.swift */,
				CEA99B9C28A21BDB00D1BB31 /* LinuxButton.swift */,
				CEA99B9E28A21C1100D1BB31 /* WindowsCheckBox.swift */,
				CEA99BA028A21C1900D1BB31 /* LinuxCheckBox.swift */,
			);
			path = Implementations;
			sourceTree = "<group>";
		};
/* End PBXGroup section */

/* Begin PBXNativeTarget section */
		CE76810228A2137200D51166 /* AbstractFactory */ = {
			isa = PBXNativeTarget;
			buildConfigurationList = CE76810A28A2137200D51166 /* Build configuration list for PBXNativeTarget "AbstractFactory" */;
			buildPhases = (
				CE7680FF28A2137200D51166 /* Sources */,
				CE76810028A2137200D51166 /* Frameworks */,
				CE76810128A2137200D51166 /* CopyFiles */,
			);
			buildRules = (
			);
			dependencies = (
			);
			name = AbstractFactory;
			productName = AbstractFactory;
			productReference = CE76810328A2137200D51166 /* AbstractFactory */;
			productType = "com.apple.product-type.tool";
		};
/* End PBXNativeTarget section */

/* Begin PBXProject section */
		CE7680FB28A2137200D51166 /* Project object */ = {
			isa = PBXProject;
			attributes = {
				BuildIndependentTargetsInParallel = 1;
				LastSwiftUpdateCheck = 1340;
				LastUpgradeCheck = 1340;
				TargetAttributes = {
					CE76810228A2137200D51166 = {
						CreatedOnToolsVersion = 13.4;
					};
				};
			};
			buildConfigurationList = CE7680FE28A2137200D51166 /* Build configuration list for PBXProject "AbstractFactory" */;
			compatibilityVersion = "Xcode 13.0";
			developmentRegion = en;
			hasScannedForEncodings = 0;
			knownRegions = (
				en,
				Base,
			);
			mainGroup = CE7680FA28A2137200D51166;
			productRefGroup = CE76810428A2137200D51166 /* Products */;
			projectDirPath = "";
			projectRoot = "";
			targets = (
				CE76810228A2137200D51166 /* AbstractFactory */,
			);
		};
/* End PBXProject section */

/* Begin PBXSourcesBuildPhase section */
		CE7680FF28A2137200D51166 /* Sources */ = {
			isa = PBXSourcesBuildPhase;
			buildActionMask = 2147483647;
			files = (
				CE76811328A2170D00D51166 /* TextEdit.swift in Sources */,
				CE76810728A2137200D51166 /* main.swift in Sources */,
				CEA99B9F28A21C1100D1BB31 /* WindowsCheckBox.swift in Sources */,
				CEA99B9D28A21BDB00D1BB31 /* LinuxButton.swift in Sources */,
				CE76810F28A213F100D51166 /* Button.swift in Sources */,
				CE76811128A215F900D51166 /* CheckBox.swift in Sources */,
				CEA99B9728A21A1E00D1BB31 /* ComponentFactory.swift in Sources */,
				CEA99BA128A21C1900D1BB31 /* LinuxCheckBox.swift in Sources */,
				CEA99B9B28A21AEB00D1BB31 /* WindowsButton.swift in Sources */,
			);
			runOnlyForDeploymentPostprocessing = 0;
		};
/* End PBXSourcesBuildPhase section */

/* Begin XCBuildConfiguration section */
		CE76810828A2137200D51166 /* Debug */ = {
			isa = XCBuildConfiguration;
			buildSettings = {
				ALWAYS_SEARCH_USER_PATHS = NO;
				CLANG_ANALYZER_NONNULL = YES;
				CLANG_ANALYZER_NUMBER_OBJECT_CONVERSION = YES_AGGRESSIVE;
				CLANG_CXX_LANGUAGE_STANDARD = "gnu++17";
				CLANG_ENABLE_MODULES = YES;
				CLANG_ENABLE_OBJC_ARC = YES;
				CLANG_ENABLE_OBJC_WEAK = YES;
				CLANG_WARN_BLOCK_CAPTURE_AUTORELEASING = YES;
				CLANG_WARN_BOOL_CONVERSION = YES;
				CLANG_WARN_COMMA = YES;
				CLANG_WARN_CONSTANT_CONVERSION = YES;
				CLANG_WARN_DEPRECATED_OBJC_IMPLEMENTATIONS = YES;
				CLANG_WARN_DIRECT_OBJC_ISA_USAGE = YES_ERROR;
				CLANG_WARN_DOCUMENTATION_COMMENTS = YES;
				CLANG_WARN_EMPTY_BODY = YES;
				CLANG_WARN_ENUM_CONVERSION = YES;
				CLANG_WARN_INFINITE_RECURSION = YES;
				CLANG_WARN_INT_CONVERSION = YES;
				CLANG_WARN_NON_LITERAL_NULL_CONVERSION = YES;
				CLANG_WARN_OBJC_IMPLICIT_RETAIN_SELF = YES;
				CLANG_WARN_OBJC_LITERAL_CONVERSION = YES;
				CLANG_WARN_OBJC_ROOT_CLASS = YES_ERROR;
				CLANG_WARN_QUOTED_INCLUDE_IN_FRAMEWORK_HEADER = YES;
				CLANG_WARN_RANGE_LOOP_ANALYSIS = YES;
				CLANG_WARN_STRICT_PROTOTYPES = YES;
				CLANG_WARN_SUSPICIOUS_MOVE = YES;
				CLANG_WARN_UNGUARDED_AVAILABILITY = YES_AGGRESSIVE;
				CLANG_WARN_UNREACHABLE_CODE = YES;
				CLANG_WARN__DUPLICATE_METHOD_MATCH = YES;
				COPY_PHASE_STRIP = NO;
				DEBUG_INFORMATION_FORMAT = dwarf;
				ENABLE_STRICT_OBJC_MSGSEND = YES;
				ENABLE_TESTABILITY = YES;
				GCC_C_LANGUAGE_STANDARD = gnu11;
				GCC_DYNAMIC_NO_PIC = NO;
				GCC_NO_COMMON_BLOCKS = YES;
				GCC_OPTIMIZATION_LEVEL = 0;
				GCC_PREPROCESSOR_DEFINITIONS = (
					"DEBUG=1",
					"$(inherited)",
				);
				GCC_WARN_64_TO_32_BIT_CONVERSION = YES;
				GCC_WARN_ABOUT_RETURN_TYPE = YES_ERROR;
				GCC_WARN_UNDECLARED_SELECTOR = YES;
				GCC_WARN_UNINITIALIZED_AUTOS = YES_AGGRESSIVE;
				GCC_WARN_UNUSED_FUNCTION = YES;
				GCC_WARN_UNUSED_VARIABLE = YES;
				MACOSX_DEPLOYMENT_TARGET = 12.3;
				MTL_ENABLE_DEBUG_INFO = INCLUDE_SOURCE;
				MTL_FAST_MATH = YES;
				ONLY_ACTIVE_ARCH = YES;
				SDKROOT = macosx;
				SWIFT_ACTIVE_COMPILATION_CONDITIONS = DEBUG;
				SWIFT_OPTIMIZATION_LEVEL = "-Onone";
			};
			name = Debug;
		};
		CE76810928A2137200D51166 /* Release */ = {
			isa = XCBuildConfiguration;
			buildSettings = {
				ALWAYS_SEARCH_USER_PATHS = NO;
				CLANG_ANALYZER_NONNULL = YES;
				CLANG_ANALYZER_NUMBER_OBJECT_CONVERSION = YES_AGGRESSIVE;
				CLANG_CXX_LANGUAGE_STANDARD = "gnu++17";
				CLANG_ENABLE_MODULES = YES;
				CLANG_ENABLE_OBJC_ARC = YES;
				CLANG_ENABLE_OBJC_WEAK = YES;
				CLANG_WARN_BLOCK_CAPTURE_AUTORELEASING = YES;
				CLANG_WARN_BOOL_CONVERSION = YES;
				CLANG_WARN_COMMA = YES;
				CLANG_WARN_CONSTANT_CONVERSION = YES;
				CLANG_WARN_DEPRECATED_OBJC_IMPLEMENTATIONS = YES;
				CLANG_WARN_DIRECT_OBJC_ISA_USAGE = YES_ERROR;
				CLANG_WARN_DOCUMENTATION_COMMENTS = YES;
				CLANG_WARN_EMPTY_BODY = YES;
				CLANG_WARN_ENUM_CONVERSION = YES;
				CLANG_WARN_INFINITE_RECURSION = YES;
				CLANG_WARN_INT_CONVERSION = YES;
				CLANG_WARN_NON_LITERAL_NULL_CONVERSION = YES;
				CLANG_WARN_OBJC_IMPLICIT_RETAIN_SELF = YES;
				CLANG_WARN_OBJC_LITERAL_CONVERSION = YES;
				CLANG_WARN_OBJC_ROOT_CLASS = YES_ERROR;
				CLANG_WARN_QUOTED_INCLUDE_IN_FRAMEWORK_HEADER = YES;
				CLANG_WARN_RANGE_LOOP_ANALYSIS = YES;
				CLANG_WARN_STRICT_PROTOTYPES = YES;
				CLANG_WARN_SUSPICIOUS_MOVE = YES;
				CLANG_WARN_UNGUARDED_AVAILABILITY = YES_AGGRESSIVE;
				CLANG_WARN_UNREACHABLE_CODE = YES;
				CLANG_WARN__DUPLICATE_METHOD_MATCH = YES;
				COPY_PHASE_STRIP = NO;
				DEBUG_INFORMATION_FORMAT = "dwarf-with-dsym";
				ENABLE_NS_ASSERTIONS = NO;
				ENABLE_STRICT_OBJC_MSGSEND = YES;
				GCC_C_LANGUAGE_STANDARD = gnu11;
				GCC_NO_COMMON_BLOCKS = YES;
				GCC_WARN_64_TO_32_BIT_CONVERSION = YES;
				GCC_WARN_ABOUT_RETURN_TYPE = YES_ERROR;
				GCC_WARN_UNDECLARED_SELECTOR = YES;
				GCC_WARN_UNINITIALIZED_AUTOS = YES_AGGRESSIVE;
				GCC_WARN_UNUSED_FUNCTION = YES;
				GCC_WARN_UNUSED_VARIABLE = YES;
				MACOSX_DEPLOYMENT_TARGET = 12.3;
				MTL_ENABLE_DEBUG_INFO = NO;
				MTL_FAST_MATH = YES;
				SDKROOT = macosx;
				SWIFT_COMPILATION_MODE = wholemodule;
				SWIFT_OPTIMIZATION_LEVEL = "-O";
			};
			name = Release;
		};
		CE76810B28A2137200D51166 /* Debug */ = {
			isa = XCBuildConfiguration;
			buildSettings = {
				CODE_SIGN_STYLE = Automatic;
				PRODUCT_NAME = "$(TARGET_NAME)";
				SWIFT_VERSION = 5.0;
			};
			name = Debug;
		};
		CE76810C28A2137200D51166 /* Release */ = {
			isa = XCBuildConfiguration;
			buildSettings = {
				CODE_SIGN_STYLE = Automatic;
				PRODUCT_NAME = "$(TARGET_NAME)";
				SWIFT_VERSION = 5.0;
			};
			name = Release;
		};
/* End XCBuildConfiguration section */

/* Begin XCConfigurationList section */
		CE7680FE28A2137200D51166 /* Build configuration list for PBXProject "AbstractFactory" */ = {
			isa = XCConfigurationList;
			buildConfigurations = (
				CE76810828A2137200D51166 /* Debug */,
				CE76810928A2137200D51166 /* Release */,
			);
			defaultConfigurationIsVisible = 0;
			defaultConfigurationName = Release;
		};
		CE76810A28A2137200D51166 /* Build configuration list for PBXNativeTarget "AbstractFactory" */ = {
			isa = XCConfigurationList;
			buildConfigurations = (
				CE76810B28A2137200D51166 /* Debug */,
				CE76810C28A2137200D51166 /* Release */,
			);
			defaultConfigurationIsVisible = 0;
			defaultConfigurationName = Release;
		};
/* End XCConfigurationList section */
	};
	rootObject = CE7680FB28A2137200D51166 /* Project object */;
}
